// !$*UTF8*$!
{
	archiveVersion = 1;
	classes = {
	};
	objectVersion = 50;
	objects = {

/* Begin PBXBuildFile section */
		611CFC18236DD476006A5676 /* main.swift in Sources */ = {isa = PBXBuildFile; fileRef = 611CFC17236DD476006A5676 /* main.swift */; };
		611CFC25236DD4A5006A5676 /* NSISO8601DateFormatterTests.swift in Sources */ = {isa = PBXBuildFile; fileRef = 611CFC24236DD4A5006A5676 /* NSISO8601DateFormatterTests.swift */; };
/* End PBXBuildFile section */

/* Begin PBXCopyFilesBuildPhase section */
		611CFC12236DD476006A5676 /* CopyFiles */ = {
			isa = PBXCopyFilesBuildPhase;
			buildActionMask = 2147483647;
			dstPath = /usr/share/man/man1/;
			dstSubfolderSpec = 0;
			files = (
			);
			runOnlyForDeploymentPostprocessing = 1;
		};
/* End PBXCopyFilesBuildPhase section */

/* Begin PBXFileReference section */
		611CFC14236DD476006A5676 /* NSISO8601DateFormatterBugs */ = {isa = PBXFileReference; explicitFileType = "compiled.mach-o.executable"; includeInIndex = 0; path = NSISO8601DateFormatterBugs; sourceTree = BUILT_PRODUCTS_DIR; };
		611CFC17236DD476006A5676 /* main.swift */ = {isa = PBXFileReference; lastKnownFileType = sourcecode.swift; path = main.swift; sourceTree = "<group>"; };
		611CFC22236DD4A4006A5676 /* NSISO8601DateFormatterTests.xctest */ = {isa = PBXFileReference; explicitFileType = wrapper.cfbundle; includeInIndex = 0; path = NSISO8601DateFormatterTests.xctest; sourceTree = BUILT_PRODUCTS_DIR; };
		611CFC24236DD4A5006A5676 /* NSISO8601DateFormatterTests.swift */ = {isa = PBXFileReference; lastKnownFileType = sourcecode.swift; path = NSISO8601DateFormatterTests.swift; sourceTree = "<group>"; };
		611CFC26236DD4A5006A5676 /* Info.plist */ = {isa = PBXFileReference; lastKnownFileType = text.plist.xml; path = Info.plist; sourceTree = "<group>"; };
/* End PBXFileReference section */

/* Begin PBXFrameworksBuildPhase section */
		611CFC11236DD476006A5676 /* Frameworks */ = {
			isa = PBXFrameworksBuildPhase;
			buildActionMask = 2147483647;
			files = (
			);
			runOnlyForDeploymentPostprocessing = 0;
		};
		611CFC1F236DD4A4006A5676 /* Frameworks */ = {
			isa = PBXFrameworksBuildPhase;
			buildActionMask = 2147483647;
			files = (
			);
			runOnlyForDeploymentPostprocessing = 0;
		};
/* End PBXFrameworksBuildPhase section */

/* Begin PBXGroup section */
		611CFC0B236DD476006A5676 = {
			isa = PBXGroup;
			children = (
				611CFC16236DD476006A5676 /* NSISO8601DateFormatterBugs */,
				611CFC23236DD4A5006A5676 /* NSISO8601DateFormatterTests */,
				611CFC15236DD476006A5676 /* Products */,
			);
			sourceTree = "<group>";
		};
		611CFC15236DD476006A5676 /* Products */ = {
			isa = PBXGroup;
			children = (
				611CFC14236DD476006A5676 /* NSISO8601DateFormatterBugs */,
				611CFC22236DD4A4006A5676 /* NSISO8601DateFormatterTests.xctest */,
			);
			name = Products;
			sourceTree = "<group>";
		};
		611CFC16236DD476006A5676 /* NSISO8601DateFormatterBugs */ = {
			isa = PBXGroup;
			children = (
				611CFC17236DD476006A5676 /* main.swift */,
			);
			path = NSISO8601DateFormatterBugs;
			sourceTree = "<group>";
		};
		611CFC23236DD4A5006A5676 /* NSISO8601DateFormatterTests */ = {
			isa = PBXGroup;
			children = (
				611CFC24236DD4A5006A5676 /* NSISO8601DateFormatterTests.swift */,
				611CFC26236DD4A5006A5676 /* Info.plist */,
			);
			path = NSISO8601DateFormatterTests;
			sourceTree = "<group>";
		};
/* End PBXGroup section */

/* Begin PBXNativeTarget section */
		611CFC13236DD476006A5676 /* NSISO8601DateFormatterBugs */ = {
			isa = PBXNativeTarget;
			buildConfigurationList = 611CFC1B236DD476006A5676 /* Build configuration list for PBXNativeTarget "NSISO8601DateFormatterBugs" */;
			buildPhases = (
				611CFC10236DD476006A5676 /* Sources */,
				611CFC11236DD476006A5676 /* Frameworks */,
				611CFC12236DD476006A5676 /* CopyFiles */,
			);
			buildRules = (
			);
			dependencies = (
			);
			name = NSISO8601DateFormatterBugs;
			productName = NSISO8601DateFormatterBugs;
			productReference = 611CFC14236DD476006A5676 /* NSISO8601DateFormatterBugs */;
			productType = "com.apple.product-type.tool";
		};
		611CFC21236DD4A4006A5676 /* NSISO8601DateFormatterTests */ = {
			isa = PBXNativeTarget;
			buildConfigurationList = 611CFC27236DD4A5006A5676 /* Build configuration list for PBXNativeTarget "NSISO8601DateFormatterTests" */;
			buildPhases = (
				611CFC1E236DD4A4006A5676 /* Sources */,
				611CFC1F236DD4A4006A5676 /* Frameworks */,
				611CFC20236DD4A4006A5676 /* Resources */,
			);
			buildRules = (
			);
			dependencies = (
			);
			name = NSISO8601DateFormatterTests;
			productName = NSISO8601DateFormatterTests;
			productReference = 611CFC22236DD4A4006A5676 /* NSISO8601DateFormatterTests.xctest */;
			productType = "com.apple.product-type.bundle.unit-test";
		};
/* End PBXNativeTarget section */

/* Begin PBXProject section */
		611CFC0C236DD476006A5676 /* Project object */ = {
			isa = PBXProject;
			attributes = {
				LastSwiftUpdateCheck = 1030;
				LastUpgradeCheck = 1030;
				ORGANIZATIONNAME = Recoursive;
				TargetAttributes = {
					611CFC13236DD476006A5676 = {
						CreatedOnToolsVersion = 10.3;
					};
					611CFC21236DD4A4006A5676 = {
						CreatedOnToolsVersion = 10.3;
					};
				};
			};
			buildConfigurationList = 611CFC0F236DD476006A5676 /* Build configuration list for PBXProject "NSISO8601DateFormatterBugs" */;
			compatibilityVersion = "Xcode 9.3";
			developmentRegion = en;
			hasScannedForEncodings = 0;
			knownRegions = (
				en,
			);
			mainGroup = 611CFC0B236DD476006A5676;
			productRefGroup = 611CFC15236DD476006A5676 /* Products */;
			projectDirPath = "";
			projectRoot = "";
			targets = (
				611CFC13236DD476006A5676 /* NSISO8601DateFormatterBugs */,
				611CFC21236DD4A4006A5676 /* NSISO8601DateFormatterTests */,
			);
		};
/* End PBXProject section */

/* Begin PBXResourcesBuildPhase section */
		611CFC20236DD4A4006A5676 /* Resources */ = {
			isa = PBXResourcesBuildPhase;
			buildActionMask = 2147483647;
			files = (
			);
			runOnlyForDeploymentPostprocessing = 0;
		};
/* End PBXResourcesBuildPhase section */

/* Begin PBXSourcesBuildPhase section */
		611CFC10236DD476006A5676 /* Sources */ = {
			isa = PBXSourcesBuildPhase;
			buildActionMask = 2147483647;
			files = (
				611CFC18236DD476006A5676 /* main.swift in Sources */,
			);
			runOnlyForDeploymentPostprocessing = 0;
		};
		611CFC1E236DD4A4006A5676 /* Sources */ = {
			isa = PBXSourcesBuildPhase;
			buildActionMask = 2147483647;
			files = (
				611CFC25236DD4A5006A5676 /* NSISO8601DateFormatterTests.swift in Sources */,
			);
			runOnlyForDeploymentPostprocessing = 0;
		};
/* End PBXSourcesBuildPhase section */

/* Begin XCBuildConfiguration section */
		611CFC19236DD476006A5676 /* Debug */ = {
			isa = XCBuildConfiguration;
			buildSettings = {
				ALWAYS_SEARCH_USER_PATHS = NO;
				CLANG_ANALYZER_NONNULL = YES;
				CLANG_ANALYZER_NUMBER_OBJECT_CONVERSION = YES_AGGRESSIVE;
				CLANG_CXX_LANGUAGE_STANDARD = "gnu++14";
				CLANG_CXX_LIBRARY = "libc++";
				CLANG_ENABLE_MODULES = YES;
				CLANG_ENABLE_OBJC_ARC = YES;
				CLANG_ENABLE_OBJC_WEAK = YES;
				CLANG_WARN_BLOCK_CAPTURE_AUTORELEASING = YES;
				CLANG_WARN_BOOL_CONVERSION = YES;
				CLANG_WARN_COMMA = YES;
				CLANG_WARN_CONSTANT_CONVERSION = YES;
				CLANG_WARN_DEPRECATED_OBJC_IMPLEMENTATIONS = YES;
				CLANG_WARN_DIRECT_OBJC_ISA_USAGE = YES_ERROR;
				CLANG_WARN_DOCUMENTATION_COMMENTS = YES;
				CLANG_WARN_EMPTY_BODY = YES;
				CLANG_WARN_ENUM_CONVERSION = YES;
				CLANG_WARN_INFINITE_RECURSION = YES;
				CLANG_WARN_INT_CONVERSION = YES;
				CLANG_WARN_NON_LITERAL_NULL_CONVERSION = YES;
				CLANG_WARN_OBJC_IMPLICIT_RETAIN_SELF = YES;
				CLANG_WARN_OBJC_LITERAL_CONVERSION = YES;
				CLANG_WARN_OBJC_ROOT_CLASS = YES_ERROR;
				CLANG_WARN_RANGE_LOOP_ANALYSIS = YES;
				CLANG_WARN_STRICT_PROTOTYPES = YES;
				CLANG_WARN_SUSPICIOUS_MOVE = YES;
				CLANG_WARN_UNGUARDED_AVAILABILITY = YES_AGGRESSIVE;
				CLANG_WARN_UNREACHABLE_CODE = YES;
				CLANG_WARN__DUPLICATE_METHOD_MATCH = YES;
				CODE_SIGN_IDENTITY = "-";
				COPY_PHASE_STRIP = NO;
				DEBUG_INFORMATION_FORMAT = dwarf;
				ENABLE_STRICT_OBJC_MSGSEND = YES;
				ENABLE_TESTABILITY = YES;
				GCC_C_LANGUAGE_STANDARD = gnu11;
				GCC_DYNAMIC_NO_PIC = NO;
				GCC_NO_COMMON_BLOCKS = YES;
				GCC_OPTIMIZATION_LEVEL = 0;
				GCC_PREPROCESSOR_DEFINITIONS = (
					"DEBUG=1",
					"$(inherited)",
				);
				GCC_WARN_64_TO_32_BIT_CONVERSION = YES;
				GCC_WARN_ABOUT_RETURN_TYPE = YES_ERROR;
				GCC_WARN_UNDECLARED_SELECTOR = YES;
				GCC_WARN_UNINITIALIZED_AUTOS = YES_AGGRESSIVE;
				GCC_WARN_UNUSED_FUNCTION = YES;
				GCC_WARN_UNUSED_VARIABLE = YES;
				MACOSX_DEPLOYMENT_TARGET = 10.14;
				MTL_ENABLE_DEBUG_INFO = INCLUDE_SOURCE;
				MTL_FAST_MATH = YES;
				ONLY_ACTIVE_ARCH = YES;
				SDKROOT = macosx;
				SWIFT_ACTIVE_COMPILATION_CONDITIONS = DEBUG;
				SWIFT_OPTIMIZATION_LEVEL = "-Onone";
			};
			name = Debug;
		};
		611CFC1A236DD476006A5676 /* Release */ = {
			isa = XCBuildConfiguration;
			buildSettings = {
				ALWAYS_SEARCH_USER_PATHS = NO;
				CLANG_ANALYZER_NONNULL = YES;
				CLANG_ANALYZER_NUMBER_OBJECT_CONVERSION = YES_AGGRESSIVE;
				CLANG_CXX_LANGUAGE_STANDARD = "gnu++14";
				CLANG_CXX_LIBRARY = "libc++";
				CLANG_ENABLE_MODULES = YES;
				CLANG_ENABLE_OBJC_ARC = YES;
				CLANG_ENABLE_OBJC_WEAK = YES;
				CLANG_WARN_BLOCK_CAPTURE_AUTORELEASING = YES;
				CLANG_WARN_BOOL_CONVERSION = YES;
				CLANG_WARN_COMMA = YES;
				CLANG_WARN_CONSTANT_CONVERSION = YES;
				CLANG_WARN_DEPRECATED_OBJC_IMPLEMENTATIONS = YES;
				CLANG_WARN_DIRECT_OBJC_ISA_USAGE = YES_ERROR;
				CLANG_WARN_DOCUMENTATION_COMMENTS = YES;
				CLANG_WARN_EMPTY_BODY = YES;
				CLANG_WARN_ENUM_CONVERSION = YES;
				CLANG_WARN_INFINITE_RECURSION = YES;
				CLANG_WARN_INT_CONVERSION = YES;
				CLANG_WARN_NON_LITERAL_NULL_CONVERSION = YES;
				CLANG_WARN_OBJC_IMPLICIT_RETAIN_SELF = YES;
				CLANG_WARN_OBJC_LITERAL_CONVERSION = YES;
				CLANG_WARN_OBJC_ROOT_CLASS = YES_ERROR;
				CLANG_WARN_RANGE_LOOP_ANALYSIS = YES;
				CLANG_WARN_STRICT_PROTOTYPES = YES;
				CLANG_WARN_SUSPICIOUS_MOVE = YES;
				CLANG_WARN_UNGUARDED_AVAILABILITY = YES_AGGRESSIVE;
				CLANG_WARN_UNREACHABLE_CODE = YES;
				CLANG_WARN__DUPLICATE_METHOD_MATCH = YES;
				CODE_SIGN_IDENTITY = "-";
				COPY_PHASE_STRIP = NO;
				DEBUG_INFORMATION_FORMAT = "dwarf-with-dsym";
				ENABLE_NS_ASSERTIONS = NO;
				ENABLE_STRICT_OBJC_MSGSEND = YES;
				GCC_C_LANGUAGE_STANDARD = gnu11;
				GCC_NO_COMMON_BLOCKS = YES;
				GCC_WARN_64_TO_32_BIT_CONVERSION = YES;
				GCC_WARN_ABOUT_RETURN_TYPE = YES_ERROR;
				GCC_WARN_UNDECLARED_SELECTOR = YES;
				GCC_WARN_UNINITIALIZED_AUTOS = YES_AGGRESSIVE;
				GCC_WARN_UNUSED_FUNCTION = YES;
				GCC_WARN_UNUSED_VARIABLE = YES;
				MACOSX_DEPLOYMENT_TARGET = 10.14;
				MTL_ENABLE_DEBUG_INFO = NO;
				MTL_FAST_MATH = YES;
				SDKROOT = macosx;
				SWIFT_COMPILATION_MODE = wholemodule;
				SWIFT_OPTIMIZATION_LEVEL = "-O";
			};
			name = Release;
		};
		611CFC1C236DD476006A5676 /* Debug */ = {
			isa = XCBuildConfiguration;
			buildSettings = {
				CODE_SIGN_STYLE = Automatic;
				PRODUCT_NAME = "$(TARGET_NAME)";
				SWIFT_VERSION = 5.0;
			};
			name = Debug;
		};
		611CFC1D236DD476006A5676 /* Release */ = {
			isa = XCBuildConfiguration;
			buildSettings = {
				CODE_SIGN_STYLE = Automatic;
				PRODUCT_NAME = "$(TARGET_NAME)";
				SWIFT_VERSION = 5.0;
			};
			name = Release;
		};
		611CFC28236DD4A5006A5676 /* Debug */ = {
			isa = XCBuildConfiguration;
			buildSettings = {
				CODE_SIGN_STYLE = Automatic;
				COMBINE_HIDPI_IMAGES = YES;
				INFOPLIST_FILE = NSISO8601DateFormatterTests/Info.plist;
				LD_RUNPATH_SEARCH_PATHS = (
					"$(inherited)",
					"@executable_path/../Frameworks",
					"@loader_path/../Frameworks",
				);
				PRODUCT_BUNDLE_IDENTIFIER = com.recoursive.NSISO8601DateFormatterTests;
				PRODUCT_NAME = "$(TARGET_NAME)";
				SWIFT_VERSION = 5.0;
			};
			name = Debug;
		};
		611CFC29236DD4A5006A5676 /* Release */ = {
			isa = XCBuildConfiguration;
			buildSettings = {
				CODE_SIGN_STYLE = Automatic;
				COMBINE_HIDPI_IMAGES = YES;
				INFOPLIST_FILE = NSISO8601DateFormatterTests/Info.plist;
				LD_RUNPATH_SEARCH_PATHS = (
					"$(inherited)",
					"@executable_path/../Frameworks",
					"@loader_path/../Frameworks",
				);
				PRODUCT_BUNDLE_IDENTIFIER = com.recoursive.NSISO8601DateFormatterTests;
				PRODUCT_NAME = "$(TARGET_NAME)";
				SWIFT_VERSION = 5.0;
			};
			name = Release;
		};
/* End XCBuildConfiguration section */

/* Begin XCConfigurationList section */
		611CFC0F236DD476006A5676 /* Build configuration list for PBXProject "NSISO8601DateFormatterBugs" */ = {
			isa = XCConfigurationList;
			buildConfigurations = (
				611CFC19236DD476006A5676 /* Debug */,
				611CFC1A236DD476006A5676 /* Release */,
			);
			defaultConfigurationIsVisible = 0;
			defaultConfigurationName = Release;
		};
		611CFC1B236DD476006A5676 /* Build configuration list for PBXNativeTarget "NSISO8601DateFormatterBugs" */ = {
			isa = XCConfigurationList;
			buildConfigurations = (
				611CFC1C236DD476006A5676 /* Debug */,
				611CFC1D236DD476006A5676 /* Release */,
			);
			defaultConfigurationIsVisible = 0;
			defaultConfigurationName = Release;
		};
		611CFC27236DD4A5006A5676 /* Build configuration list for PBXNativeTarget "NSISO8601DateFormatterTests" */ = {
			isa = XCConfigurationList;
			buildConfigurations = (
				611CFC28236DD4A5006A5676 /* Debug */,
				611CFC29236DD4A5006A5676 /* Release */,
			);
			defaultConfigurationIsVisible = 0;
			defaultConfigurationName = Release;
		};
/* End XCConfigurationList section */
	};
	rootObject = 611CFC0C236DD476006A5676 /* Project object */;
}
